
Microsoft Visual Studio Solution File, Format Version 12.00
# Visual Studio Version 17
VisualStudioVersion = 17.11.35312.102
MinimumVisualStudioVersion = 10.0.40219.1
Project("{FAE04EC0-301F-11D3-BF4B-00C04F79EFBC}") = "PasswordGenerator", "PasswordGenerator.csproj", "{73E7D5AF-4503-4F9E-B276-9AE8C4D617B5}"
EndProject
Global
	GlobalSection(SolutionConfigurationPlatforms) = preSolution
		Debug|Any CPU = Debug|Any CPU
		Release|Any CPU = Release|Any CPU
	EndGlobalSection
	GlobalSection(ProjectConfigurationPlatforms) = postSolution
		{73E7D5AF-4503-4F9E-B276-9AE8C4D617B5}.Debug|Any CPU.ActiveCfg = Debug|Any CPU
		{73E7D5AF-4503-4F9E-B276-9AE8C4D617B5}.Debug|Any CPU.Build.0 = Debug|Any CPU
		{73E7D5AF-4503-4F9E-B276-9AE8C4D617B5}.Release|Any CPU.ActiveCfg = Release|Any CPU
		{73E7D5AF-4503-4F9E-B276-9AE8C4D617B5}.Release|Any CPU.Build.0 = Release|Any CPU
	EndGlobalSection
	GlobalSection(SolutionProperties) = preSolution
		HideSolutionNode = FALSE
	EndGlobalSection
	GlobalSection(ExtensibilityGlobals) = postSolution
		SolutionGuid = {2D718EB7-0CDC-465D-B077-DF79C15C4111}
	EndGlobalSection
EndGlobal
